
Microsoft Visual Studio Solution File, Format Version 12.00
# Visual Studio Version 17
VisualStudioVersion = 17.7.34031.279
MinimumVisualStudioVersion = 10.0.40219.1
Project("{888888A0-9F3D-457C-B088-3A5042F75D52}") = "TelegramBot", "TelegramBot\TelegramBot.pyproj", "{3240287D-4F33-40DC-94E8-5503FAAF791F}"
EndProject
Global
	GlobalSection(SolutionConfigurationPlatforms) = preSolution
		Debug|Any CPU = Debug|Any CPU
		Release|Any CPU = Release|Any CPU
	EndGlobalSection
	GlobalSection(ProjectConfigurationPlatforms) = postSolution
		{3240287D-4F33-40DC-94E8-5503FAAF791F}.Debug|Any CPU.ActiveCfg = Debug|Any CPU
		{3240287D-4F33-40DC-94E8-5503FAAF791F}.Release|Any CPU.ActiveCfg = Release|Any CPU
	EndGlobalSection
	GlobalSection(SolutionProperties) = preSolution
		HideSolutionNode = FALSE
	EndGlobalSection
	GlobalSection(ExtensibilityGlobals) = postSolution
		SolutionGuid = {01DBB32D-989A-408A-B734-54676CC359E7}
	EndGlobalSection
EndGlobal
